
Microsoft Visual Studio Solution File, Format Version 12.00
# Visual Studio Version 17
VisualStudioVersion = 17.4.33122.133
MinimumVisualStudioVersion = 10.0.40219.1
Project("{FAE04EC0-301F-11D3-BF4B-00C04F79EFBC}") = "LinqToSql", "LinqToSql.csproj", "{2C2A76F9-6EA3-45EC-9EAE-16C83C1D0BCC}"
EndProject
Global
	GlobalSection(SolutionConfigurationPlatforms) = preSolution
		Debug|Any CPU = Debug|Any CPU
		Release|Any CPU = Release|Any CPU
	EndGlobalSection
	GlobalSection(ProjectConfigurationPlatforms) = postSolution
		{2C2A76F9-6EA3-45EC-9EAE-16C83C1D0BCC}.Debug|Any CPU.ActiveCfg = Debug|Any CPU
		{2C2A76F9-6EA3-45EC-9EAE-16C83C1D0BCC}.Debug|Any CPU.Build.0 = Debug|Any CPU
		{2C2A76F9-6EA3-45EC-9EAE-16C83C1D0BCC}.Release|Any CPU.ActiveCfg = Release|Any CPU
		{2C2A76F9-6EA3-45EC-9EAE-16C83C1D0BCC}.Release|Any CPU.Build.0 = Release|Any CPU
	EndGlobalSection
	GlobalSection(SolutionProperties) = preSolution
		HideSolutionNode = FALSE
	EndGlobalSection
	GlobalSection(ExtensibilityGlobals) = postSolution
		SolutionGuid = {374FF23D-F5A9-4159-9235-871AB36C98EC}
	EndGlobalSection
EndGlobal
